
Microsoft Visual Studio Solution File, Format Version 12.00
# Visual Studio Version 16
VisualStudioVersion = 16.0.32929.386
MinimumVisualStudioVersion = 10.0.40219.1
Project("{FAE04EC0-301F-11D3-BF4B-00C04F79EFBC}") = "derskayıtotomasyonu", "derskayıtotomasyonu\derskayıtotomasyonu.csproj", "{101B91C7-2395-40D0-A580-FB1B56D5AD36}"
EndProject
Global
	GlobalSection(SolutionConfigurationPlatforms) = preSolution
		Debug|Any CPU = Debug|Any CPU
		Release|Any CPU = Release|Any CPU
	EndGlobalSection
	GlobalSection(ProjectConfigurationPlatforms) = postSolution
		{101B91C7-2395-40D0-A580-FB1B56D5AD36}.Debug|Any CPU.ActiveCfg = Debug|Any CPU
		{101B91C7-2395-40D0-A580-FB1B56D5AD36}.Debug|Any CPU.Build.0 = Debug|Any CPU
		{101B91C7-2395-40D0-A580-FB1B56D5AD36}.Release|Any CPU.ActiveCfg = Release|Any CPU
		{101B91C7-2395-40D0-A580-FB1B56D5AD36}.Release|Any CPU.Build.0 = Release|Any CPU
	EndGlobalSection
	GlobalSection(SolutionProperties) = preSolution
		HideSolutionNode = FALSE
	EndGlobalSection
	GlobalSection(ExtensibilityGlobals) = postSolution
		SolutionGuid = {7AF7D325-ABB4-44ED-A8AE-72BADAFA71A3}
	EndGlobalSection
EndGlobal
